
Microsoft Visual Studio Solution File, Format Version 12.00
# Visual Studio Version 16
VisualStudioVersion = 16.0.31005.135
MinimumVisualStudioVersion = 10.0.40219.1
Project("{FAE04EC0-301F-11D3-BF4B-00C04F79EFBC}") = "API_FAUNA", "API_FAUNA.csproj", "{2FA7D9AC-9CFC-4A69-A07B-898DE4089518}"
EndProject
Global
	GlobalSection(SolutionConfigurationPlatforms) = preSolution
		Debug|Any CPU = Debug|Any CPU
		Release|Any CPU = Release|Any CPU
	EndGlobalSection
	GlobalSection(ProjectConfigurationPlatforms) = postSolution
		{2FA7D9AC-9CFC-4A69-A07B-898DE4089518}.Debug|Any CPU.ActiveCfg = Debug|Any CPU
		{2FA7D9AC-9CFC-4A69-A07B-898DE4089518}.Debug|Any CPU.Build.0 = Debug|Any CPU
		{2FA7D9AC-9CFC-4A69-A07B-898DE4089518}.Release|Any CPU.ActiveCfg = Release|Any CPU
		{2FA7D9AC-9CFC-4A69-A07B-898DE4089518}.Release|Any CPU.Build.0 = Release|Any CPU
	EndGlobalSection
	GlobalSection(SolutionProperties) = preSolution
		HideSolutionNode = FALSE
	EndGlobalSection
	GlobalSection(ExtensibilityGlobals) = postSolution
		SolutionGuid = {2CA9BE8B-98A2-42D8-A920-254712FFFCED}
	EndGlobalSection
EndGlobal
